
Microsoft Visual Studio Solution File, Format Version 12.00
# Visual Studio Version 17
VisualStudioVersion = 17.6.33829.357
MinimumVisualStudioVersion = 10.0.40219.1
Project("{FAE04EC0-301F-11D3-BF4B-00C04F79EFBC}") = "pdfs-extract", "pdfs-extract.csproj", "{19BA0746-FB4A-4C78-AA7A-420D14D417C5}"
EndProject
Global
	GlobalSection(SolutionConfigurationPlatforms) = preSolution
		Debug|Any CPU = Debug|Any CPU
		Release|Any CPU = Release|Any CPU
	EndGlobalSection
	GlobalSection(ProjectConfigurationPlatforms) = postSolution
		{19BA0746-FB4A-4C78-AA7A-420D14D417C5}.Debug|Any CPU.ActiveCfg = Debug|Any CPU
		{19BA0746-FB4A-4C78-AA7A-420D14D417C5}.Debug|Any CPU.Build.0 = Debug|Any CPU
		{19BA0746-FB4A-4C78-AA7A-420D14D417C5}.Release|Any CPU.ActiveCfg = Release|Any CPU
		{19BA0746-FB4A-4C78-AA7A-420D14D417C5}.Release|Any CPU.Build.0 = Release|Any CPU
	EndGlobalSection
	GlobalSection(SolutionProperties) = preSolution
		HideSolutionNode = FALSE
	EndGlobalSection
	GlobalSection(ExtensibilityGlobals) = postSolution
		SolutionGuid = {815E4A09-3606-449C-8BA2-4C8F1D32CF74}
	EndGlobalSection
EndGlobal
